
Microsoft Visual Studio Solution File, Format Version 12.00
# Visual Studio Version 16
VisualStudioVersion = 16.0.31019.35
MinimumVisualStudioVersion = 10.0.40219.1
Project("{9A19103F-16F7-4668-BE54-9A1E7A4F7556}") = "FEATURENAME__MApi", "FEATURENAME__MApi\FEATURENAME__MApi.csproj", "{DE7090A9-D433-4445-8648-5CA9E23AE417}"
EndProject
Project("{9A19103F-16F7-4668-BE54-9A1E7A4F7556}") = "FEATURENAME__MApiTests", "FEATURENAME__MApiTests\FEATURENAME__MApiTests.csproj", "{E3A5A86B-B565-441E-8A73-1A99EDDAD4D0}"
EndProject
Project("{2150E333-8FDC-42A3-9474-1A3956D46DE8}") = "Tests", "Tests", "{00F638E9-69C3-460D-ABBA-6D57A36DA663}"
EndProject
Global
	GlobalSection(SolutionConfigurationPlatforms) = preSolution
		Debug|Any CPU = Debug|Any CPU
		Release|Any CPU = Release|Any CPU
	EndGlobalSection
	GlobalSection(ProjectConfigurationPlatforms) = postSolution
		{DE7090A9-D433-4445-8648-5CA9E23AE417}.Debug|Any CPU.ActiveCfg = Debug|Any CPU
		{DE7090A9-D433-4445-8648-5CA9E23AE417}.Debug|Any CPU.Build.0 = Debug|Any CPU
		{DE7090A9-D433-4445-8648-5CA9E23AE417}.Release|Any CPU.ActiveCfg = Release|Any CPU
		{DE7090A9-D433-4445-8648-5CA9E23AE417}.Release|Any CPU.Build.0 = Release|Any CPU
		{E3A5A86B-B565-441E-8A73-1A99EDDAD4D0}.Debug|Any CPU.ActiveCfg = Debug|Any CPU
		{E3A5A86B-B565-441E-8A73-1A99EDDAD4D0}.Debug|Any CPU.Build.0 = Debug|Any CPU
		{E3A5A86B-B565-441E-8A73-1A99EDDAD4D0}.Release|Any CPU.ActiveCfg = Release|Any CPU
		{E3A5A86B-B565-441E-8A73-1A99EDDAD4D0}.Release|Any CPU.Build.0 = Release|Any CPU
	EndGlobalSection
	GlobalSection(SolutionProperties) = preSolution
		HideSolutionNode = FALSE
	EndGlobalSection
	GlobalSection(NestedProjects) = preSolution
		{E3A5A86B-B565-441E-8A73-1A99EDDAD4D0} = {00F638E9-69C3-460D-ABBA-6D57A36DA663}
	EndGlobalSection
	GlobalSection(ExtensibilityGlobals) = postSolution
		SolutionGuid = {ACA99F60-40B7-4D8C-9BB8-9E1FECAFA8CE}
	EndGlobalSection
EndGlobal
